
Microsoft Visual Studio Solution File, Format Version 12.00
# Visual Studio Version 17
VisualStudioVersion = 17.10.35122.118
MinimumVisualStudioVersion = 10.0.40219.1
Project("{FAE04EC0-301F-11D3-BF4B-00C04F79EFBC}") = "ex013", "ex013\ex013.csproj", "{9BB89F81-751B-4DE9-90C5-C486D4DDF407}"
EndProject
Global
	GlobalSection(SolutionConfigurationPlatforms) = preSolution
		Debug|Any CPU = Debug|Any CPU
		Release|Any CPU = Release|Any CPU
	EndGlobalSection
	GlobalSection(ProjectConfigurationPlatforms) = postSolution
		{9BB89F81-751B-4DE9-90C5-C486D4DDF407}.Debug|Any CPU.ActiveCfg = Debug|Any CPU
		{9BB89F81-751B-4DE9-90C5-C486D4DDF407}.Debug|Any CPU.Build.0 = Debug|Any CPU
		{9BB89F81-751B-4DE9-90C5-C486D4DDF407}.Release|Any CPU.ActiveCfg = Release|Any CPU
		{9BB89F81-751B-4DE9-90C5-C486D4DDF407}.Release|Any CPU.Build.0 = Release|Any CPU
	EndGlobalSection
	GlobalSection(SolutionProperties) = preSolution
		HideSolutionNode = FALSE
	EndGlobalSection
	GlobalSection(ExtensibilityGlobals) = postSolution
		SolutionGuid = {D3440C4F-399A-4A32-8CED-14F694472564}
	EndGlobalSection
EndGlobal
