
Microsoft Visual Studio Solution File, Format Version 12.00
# Visual Studio Version 17
VisualStudioVersion = 17.10.35122.118
MinimumVisualStudioVersion = 10.0.40219.1
Project("{FAE04EC0-301F-11D3-BF4B-00C04F79EFBC}") = "ex007", "ex007\ex007.csproj", "{B81CCB43-45AB-4E53-9FB1-576602A98601}"
EndProject
Global
	GlobalSection(SolutionConfigurationPlatforms) = preSolution
		Debug|Any CPU = Debug|Any CPU
		Release|Any CPU = Release|Any CPU
	EndGlobalSection
	GlobalSection(ProjectConfigurationPlatforms) = postSolution
		{B81CCB43-45AB-4E53-9FB1-576602A98601}.Debug|Any CPU.ActiveCfg = Debug|Any CPU
		{B81CCB43-45AB-4E53-9FB1-576602A98601}.Debug|Any CPU.Build.0 = Debug|Any CPU
		{B81CCB43-45AB-4E53-9FB1-576602A98601}.Release|Any CPU.ActiveCfg = Release|Any CPU
		{B81CCB43-45AB-4E53-9FB1-576602A98601}.Release|Any CPU.Build.0 = Release|Any CPU
	EndGlobalSection
	GlobalSection(SolutionProperties) = preSolution
		HideSolutionNode = FALSE
	EndGlobalSection
	GlobalSection(ExtensibilityGlobals) = postSolution
		SolutionGuid = {42064D93-EA1A-41EA-91D2-40E608476947}
	EndGlobalSection
EndGlobal
