
Microsoft Visual Studio Solution File, Format Version 12.00
# Visual Studio Version 17
VisualStudioVersion = 17.10.35122.118
MinimumVisualStudioVersion = 10.0.40219.1
Project("{FAE04EC0-301F-11D3-BF4B-00C04F79EFBC}") = "ex008", "ex008\ex008.csproj", "{A1C72347-6ACE-4088-BBB1-911C85A4E796}"
EndProject
Global
	GlobalSection(SolutionConfigurationPlatforms) = preSolution
		Debug|Any CPU = Debug|Any CPU
		Release|Any CPU = Release|Any CPU
	EndGlobalSection
	GlobalSection(ProjectConfigurationPlatforms) = postSolution
		{A1C72347-6ACE-4088-BBB1-911C85A4E796}.Debug|Any CPU.ActiveCfg = Debug|Any CPU
		{A1C72347-6ACE-4088-BBB1-911C85A4E796}.Debug|Any CPU.Build.0 = Debug|Any CPU
		{A1C72347-6ACE-4088-BBB1-911C85A4E796}.Release|Any CPU.ActiveCfg = Release|Any CPU
		{A1C72347-6ACE-4088-BBB1-911C85A4E796}.Release|Any CPU.Build.0 = Release|Any CPU
	EndGlobalSection
	GlobalSection(SolutionProperties) = preSolution
		HideSolutionNode = FALSE
	EndGlobalSection
	GlobalSection(ExtensibilityGlobals) = postSolution
		SolutionGuid = {8729C468-3447-4FB9-8145-7709AB15E5B9}
	EndGlobalSection
EndGlobal
